<?xml version="1.0" encoding="utf-8"?>
<Project ToolsVersion="4.0" xmlns="http://schemas.microsoft.com/developer/msbuild/2003">
  <ItemGroup>
    <Filter Include="Source Files">
      <UniqueIdentifier>{4FC737F1-C7A5-4376-A066-2A32D752A2FF}</UniqueIdentifier>
      <Extensions>cpp;c;cc;cxx;def;odl;idl;hpj;bat;asm;asmx</Extensions>
    </Filter>
    <Filter Include="Header Files">
      <UniqueIdentifier>{93995380-89BD-4b04-88EB-625FBE52EBFB}</UniqueIdentifier>
      <Extensions>h;hh;hpp;hxx;hm;inl;inc;ipp;xsd</Extensions>
    </Filter>
    <Filter Include="Resource Files">
      <UniqueIdentifier>{67DA6AB6-F800-4c08-8B7A-83BB121AAD01}</UniqueIdentifier>
      <Extensions>rc;ico;cur;bmp;dlg;rc2;rct;bin;rgs;gif;jpg;jpeg;jpe;resx;tiff;tif;png;wav;mfcribbon-ms</Extensions>
    </Filter>
    <Filter Include="Source Files\solutions1-50">
      <UniqueIdentifier>{1821c107-7824-4f29-960a-41e1eb58c753}</UniqueIdentifier>
    </Filter>
    <Filter Include="Source Files\solutions51-100">
      <UniqueIdentifier>{d1bc3d27-c9d9-4bfc-902c-eda05eb7ecfd}</UniqueIdentifier>
    </Filter>
  </ItemGroup>
  <ItemGroup>
    <ClCompile Include="main.cpp">
      <Filter>Source Files</Filter>
    </ClCompile>
    <ClCompile Include="problem50.cpp">
      <Filter>Source Files\solutions1-50</Filter>
    </ClCompile>
    <ClCompile Include="problem49.cpp">
      <Filter>Source Files\solutions1-50</Filter>
    </ClCompile>
    <ClCompile Include="problem47.cpp">
      <Filter>Source Files\solutions1-50</Filter>
    </ClCompile>
    <ClCompile Include="problem16.cpp">
      <Filter>Source Files\solutions1-50</Filter>
    </ClCompile>
    <ClCompile Include="problem17.cpp">
      <Filter>Source Files\solutions1-50</Filter>
    </ClCompile>
    <ClCompile Include="problem18.cpp">
      <Filter>Source Files\solutions1-50</Filter>
    </ClCompile>
    <ClCompile Include="problem19.cpp">
      <Filter>Source Files\solutions1-50</Filter>
    </ClCompile>
    <ClCompile Include="problem20.cpp">
      <Filter>Source Files\solutions1-50</Filter>
    </ClCompile>
    <ClCompile Include="problem21.cpp">
      <Filter>Source Files\solutions1-50</Filter>
    </ClCompile>
    <ClCompile Include="problem22.cpp">
      <Filter>Source Files\solutions1-50</Filter>
    </ClCompile>
    <ClCompile Include="problem23.cpp">
      <Filter>Source Files\solutions1-50</Filter>
    </ClCompile>
    <ClCompile Include="problem24.cpp">
      <Filter>Source Files\solutions1-50</Filter>
    </ClCompile>
    <ClCompile Include="problem25.cpp">
      <Filter>Source Files\solutions1-50</Filter>
    </ClCompile>
    <ClCompile Include="problem26.cpp">
      <Filter>Source Files\solutions1-50</Filter>
    </ClCompile>
    <ClCompile Include="problem27.cpp">
      <Filter>Source Files\solutions1-50</Filter>
    </ClCompile>
    <ClCompile Include="problem28.cpp">
      <Filter>Source Files\solutions1-50</Filter>
    </ClCompile>
    <ClCompile Include="problem29.cpp">
      <Filter>Source Files\solutions1-50</Filter>
    </ClCompile>
    <ClCompile Include="problem30.cpp">
      <Filter>Source Files\solutions1-50</Filter>
    </ClCompile>
    <ClCompile Include="problem31.cpp">
      <Filter>Source Files\solutions1-50</Filter>
    </ClCompile>
    <ClCompile Include="problem32.cpp">
      <Filter>Source Files\solutions1-50</Filter>
    </ClCompile>
    <ClCompile Include="problem33.cpp">
      <Filter>Source Files\solutions1-50</Filter>
    </ClCompile>
    <ClCompile Include="problem34.cpp">
      <Filter>Source Files\solutions1-50</Filter>
    </ClCompile>
    <ClCompile Include="problem35.cpp">
      <Filter>Source Files\solutions1-50</Filter>
    </ClCompile>
    <ClCompile Include="problem36.cpp">
      <Filter>Source Files\solutions1-50</Filter>
    </ClCompile>
    <ClCompile Include="problem37.cpp">
      <Filter>Source Files\solutions1-50</Filter>
    </ClCompile>
    <ClCompile Include="problem38.cpp">
      <Filter>Source Files\solutions1-50</Filter>
    </ClCompile>
    <ClCompile Include="problem39.cpp">
      <Filter>Source Files\solutions1-50</Filter>
    </ClCompile>
    <ClCompile Include="problem40.cpp">
      <Filter>Source Files\solutions1-50</Filter>
    </ClCompile>
    <ClCompile Include="problem41.cpp">
      <Filter>Source Files\solutions1-50</Filter>
    </ClCompile>
    <ClCompile Include="problem42.cpp">
      <Filter>Source Files\solutions1-50</Filter>
    </ClCompile>
    <ClCompile Include="problem43.cpp">
      <Filter>Source Files\solutions1-50</Filter>
    </ClCompile>
    <ClCompile Include="problem44.cpp">
      <Filter>Source Files\solutions1-50</Filter>
    </ClCompile>
    <ClCompile Include="problem45.cpp">
      <Filter>Source Files\solutions1-50</Filter>
    </ClCompile>
    <ClCompile Include="problem46.cpp">
      <Filter>Source Files\solutions1-50</Filter>
    </ClCompile>
    <ClCompile Include="problem48.cpp">
      <Filter>Source Files\solutions1-50</Filter>
    </ClCompile>
    <ClCompile Include="1-50\problem50.cpp">
      <Filter>Source Files\solutions1-50</Filter>
    </ClCompile>
    <ClCompile Include="1-50\problem16.cpp">
      <Filter>Source Files\solutions1-50</Filter>
    </ClCompile>
    <ClCompile Include="1-50\problem17.cpp">
      <Filter>Source Files\solutions1-50</Filter>
    </ClCompile>
    <ClCompile Include="1-50\problem18.cpp">
      <Filter>Source Files\solutions1-50</Filter>
    </ClCompile>
    <ClCompile Include="1-50\problem19.cpp">
      <Filter>Source Files\solutions1-50</Filter>
    </ClCompile>
    <ClCompile Include="1-50\problem20.cpp">
      <Filter>Source Files\solutions1-50</Filter>
    </ClCompile>
    <ClCompile Include="1-50\problem21.cpp">
      <Filter>Source Files\solutions1-50</Filter>
    </ClCompile>
    <ClCompile Include="1-50\problem22.cpp">
      <Filter>Source Files\solutions1-50</Filter>
    </ClCompile>
    <ClCompile Include="1-50\problem23.cpp">
      <Filter>Source Files\solutions1-50</Filter>
    </ClCompile>
    <ClCompile Include="1-50\problem24.cpp">
      <Filter>Source Files\solutions1-50</Filter>
    </ClCompile>
    <ClCompile Include="1-50\problem25.cpp">
      <Filter>Source Files\solutions1-50</Filter>
    </ClCompile>
    <ClCompile Include="1-50\problem26.cpp">
      <Filter>Source Files\solutions1-50</Filter>
    </ClCompile>
    <ClCompile Include="1-50\problem27.cpp">
      <Filter>Source Files\solutions1-50</Filter>
    </ClCompile>
    <ClCompile Include="1-50\problem28.cpp">
      <Filter>Source Files\solutions1-50</Filter>
    </ClCompile>
    <ClCompile Include="1-50\problem29.cpp">
      <Filter>Source Files\solutions1-50</Filter>
    </ClCompile>
    <ClCompile Include="1-50\problem30.cpp">
      <Filter>Source Files\solutions1-50</Filter>
    </ClCompile>
    <ClCompile Include="1-50\problem31.cpp">
      <Filter>Source Files\solutions1-50</Filter>
    </ClCompile>
    <ClCompile Include="1-50\problem32.cpp">
      <Filter>Source Files\solutions1-50</Filter>
    </ClCompile>
    <ClCompile Include="1-50\problem33.cpp">
      <Filter>Source Files\solutions1-50</Filter>
    </ClCompile>
    <ClCompile Include="1-50\problem34.cpp">
      <Filter>Source Files\solutions1-50</Filter>
    </ClCompile>
    <ClCompile Include="1-50\problem35.cpp">
      <Filter>Source Files\solutions1-50</Filter>
    </ClCompile>
    <ClCompile Include="1-50\problem36.cpp">
      <Filter>Source Files\solutions1-50</Filter>
    </ClCompile>
    <ClCompile Include="1-50\problem37.cpp">
      <Filter>Source Files\solutions1-50</Filter>
    </ClCompile>
    <ClCompile Include="1-50\problem38.cpp">
      <Filter>Source Files\solutions1-50</Filter>
    </ClCompile>
    <ClCompile Include="1-50\problem39.cpp">
      <Filter>Source Files\solutions1-50</Filter>
    </ClCompile>
    <ClCompile Include="1-50\problem40.cpp">
      <Filter>Source Files\solutions1-50</Filter>
    </ClCompile>
    <ClCompile Include="1-50\problem41.cpp">
      <Filter>Source Files\solutions1-50</Filter>
    </ClCompile>
    <ClCompile Include="1-50\problem42.cpp">
      <Filter>Source Files\solutions1-50</Filter>
    </ClCompile>
    <ClCompile Include="1-50\problem43.cpp">
      <Filter>Source Files\solutions1-50</Filter>
    </ClCompile>
    <ClCompile Include="1-50\problem44.cpp">
      <Filter>Source Files\solutions1-50</Filter>
    </ClCompile>
    <ClCompile Include="1-50\problem45.cpp">
      <Filter>Source Files\solutions1-50</Filter>
    </ClCompile>
    <ClCompile Include="1-50\problem46.cpp">
      <Filter>Source Files\solutions1-50</Filter>
    </ClCompile>
    <ClCompile Include="1-50\problem47.cpp">
      <Filter>Source Files\solutions1-50</Filter>
    </ClCompile>
    <ClCompile Include="1-50\problem48.cpp">
      <Filter>Source Files\solutions1-50</Filter>
    </ClCompile>
    <ClCompile Include="1-50\problem49.cpp">
      <Filter>Source Files\solutions1-50</Filter>
    </ClCompile>
    <ClCompile Include="solutions51-100\problem51.cpp">
      <Filter>Source Files\solutions51-100</Filter>
    </ClCompile>
    <ClCompile Include="solutions51-100\problem52.cpp">
      <Filter>Source Files\solutions51-100</Filter>
    </ClCompile>
    <ClCompile Include="solutions51-100\problem53.cpp">
      <Filter>Source Files\solutions51-100</Filter>
    </ClCompile>
    <ClCompile Include="solutions51-100\problem54.cpp">
      <Filter>Source Files\solutions51-100</Filter>
    </ClCompile>
    <ClCompile Include="solutions51-100\problem55.cpp">
      <Filter>Source Files\solutions51-100</Filter>
    </ClCompile>
    <ClCompile Include="solutions1-50\problem1.cpp">
      <Filter>Source Files\solutions1-50</Filter>
    </ClCompile>
    <ClCompile Include="solutions1-50\problem2.cpp">
      <Filter>Source Files\solutions1-50</Filter>
    </ClCompile>
    <ClCompile Include="solutions1-50\problem3.cpp">
      <Filter>Source Files\solutions1-50</Filter>
    </ClCompile>
    <ClCompile Include="solutions1-50\problem4.cpp">
      <Filter>Source Files\solutions1-50</Filter>
    </ClCompile>
    <ClCompile Include="solutions1-50\problem5.cpp">
      <Filter>Source Files\solutions1-50</Filter>
    </ClCompile>
    <ClCompile Include="solutions1-50\problem6.cpp">
      <Filter>Source Files\solutions1-50</Filter>
    </ClCompile>
    <ClCompile Include="solutions1-50\problem7.cpp">
      <Filter>Source Files\solutions1-50</Filter>
    </ClCompile>
    <ClCompile Include="solutions1-50\problem8.cpp">
      <Filter>Source Files\solutions1-50</Filter>
    </ClCompile>
    <ClCompile Include="solutions1-50\problem9.cpp">
      <Filter>Source Files\solutions1-50</Filter>
    </ClCompile>
    <ClCompile Include="solutions1-50\problem10.cpp">
      <Filter>Source Files\solutions1-50</Filter>
    </ClCompile>
    <ClCompile Include="solutions1-50\problem11.cpp">
      <Filter>Source Files\solutions1-50</Filter>
    </ClCompile>
    <ClCompile Include="solutions1-50\problem12.cpp">
      <Filter>Source Files\solutions1-50</Filter>
    </ClCompile>
    <ClCompile Include="solutions1-50\problem13.cpp">
      <Filter>Source Files\solutions1-50</Filter>
    </ClCompile>
    <ClCompile Include="solutions1-50\problem14.cpp">
      <Filter>Source Files\solutions1-50</Filter>
    </ClCompile>
    <ClCompile Include="solutions1-50\problem15.cpp">
      <Filter>Source Files\solutions1-50</Filter>
    </ClCompile>
    <ClCompile Include="solutions1-50\problem16.cpp">
      <Filter>Source Files\solutions1-50</Filter>
    </ClCompile>
    <ClCompile Include="solutions1-50\problem17.cpp">
      <Filter>Source Files\solutions1-50</Filter>
    </ClCompile>
    <ClCompile Include="solutions1-50\problem18.cpp">
      <Filter>Source Files\solutions1-50</Filter>
    </ClCompile>
    <ClCompile Include="solutions1-50\problem19.cpp">
      <Filter>Source Files\solutions1-50</Filter>
    </ClCompile>
    <ClCompile Include="solutions1-50\problem20.cpp">
      <Filter>Source Files\solutions1-50</Filter>
    </ClCompile>
    <ClCompile Include="solutions1-50\problem21.cpp">
      <Filter>Source Files\solutions1-50</Filter>
    </ClCompile>
    <ClCompile Include="solutions1-50\problem22.cpp">
      <Filter>Source Files\solutions1-50</Filter>
    </ClCompile>
    <ClCompile Include="solutions1-50\problem23.cpp">
      <Filter>Source Files\solutions1-50</Filter>
    </ClCompile>
    <ClCompile Include="solutions1-50\problem24.cpp">
      <Filter>Source Files\solutions1-50</Filter>
    </ClCompile>
    <ClCompile Include="solutions1-50\problem25.cpp">
      <Filter>Source Files\solutions1-50</Filter>
    </ClCompile>
    <ClCompile Include="solutions1-50\problem26.cpp">
      <Filter>Source Files\solutions1-50</Filter>
    </ClCompile>
    <ClCompile Include="solutions1-50\problem27.cpp">
      <Filter>Source Files\solutions1-50</Filter>
    </ClCompile>
    <ClCompile Include="solutions1-50\problem28.cpp">
      <Filter>Source Files\solutions1-50</Filter>
    </ClCompile>
    <ClCompile Include="solutions1-50\problem29.cpp">
      <Filter>Source Files\solutions1-50</Filter>
    </ClCompile>
    <ClCompile Include="solutions1-50\problem30.cpp">
      <Filter>Source Files\solutions1-50</Filter>
    </ClCompile>
    <ClCompile Include="solutions1-50\problem31.cpp">
      <Filter>Source Files\solutions1-50</Filter>
    </ClCompile>
    <ClCompile Include="solutions1-50\problem32.cpp">
      <Filter>Source Files\solutions1-50</Filter>
    </ClCompile>
    <ClCompile Include="solutions1-50\problem33.cpp">
      <Filter>Source Files\solutions1-50</Filter>
    </ClCompile>
    <ClCompile Include="solutions1-50\problem34.cpp">
      <Filter>Source Files\solutions1-50</Filter>
    </ClCompile>
    <ClCompile Include="solutions1-50\problem35.cpp">
      <Filter>Source Files\solutions1-50</Filter>
    </ClCompile>
    <ClCompile Include="solutions1-50\problem36.cpp">
      <Filter>Source Files\solutions1-50</Filter>
    </ClCompile>
    <ClCompile Include="solutions1-50\problem37.cpp">
      <Filter>Source Files\solutions1-50</Filter>
    </ClCompile>
    <ClCompile Include="solutions1-50\problem38.cpp">
      <Filter>Source Files\solutions1-50</Filter>
    </ClCompile>
    <ClCompile Include="solutions1-50\problem39.cpp">
      <Filter>Source Files\solutions1-50</Filter>
    </ClCompile>
    <ClCompile Include="solutions1-50\problem40.cpp">
      <Filter>Source Files\solutions1-50</Filter>
    </ClCompile>
    <ClCompile Include="solutions1-50\problem41.cpp">
      <Filter>Source Files\solutions1-50</Filter>
    </ClCompile>
    <ClCompile Include="solutions1-50\problem42.cpp">
      <Filter>Source Files\solutions1-50</Filter>
    </ClCompile>
    <ClCompile Include="solutions1-50\problem43.cpp">
      <Filter>Source Files\solutions1-50</Filter>
    </ClCompile>
    <ClCompile Include="solutions1-50\problem44.cpp">
      <Filter>Source Files\solutions1-50</Filter>
    </ClCompile>
    <ClCompile Include="solutions1-50\problem45.cpp">
      <Filter>Source Files\solutions1-50</Filter>
    </ClCompile>
    <ClCompile Include="solutions1-50\problem46.cpp">
      <Filter>Source Files\solutions1-50</Filter>
    </ClCompile>
    <ClCompile Include="solutions1-50\problem47.cpp">
      <Filter>Source Files\solutions1-50</Filter>
    </ClCompile>
    <ClCompile Include="solutions1-50\problem48.cpp">
      <Filter>Source Files\solutions1-50</Filter>
    </ClCompile>
    <ClCompile Include="solutions1-50\problem49.cpp">
      <Filter>Source Files\solutions1-50</Filter>
    </ClCompile>
    <ClCompile Include="solutions1-50\problem50.cpp">
      <Filter>Source Files\solutions1-50</Filter>
    </ClCompile>
    <ClCompile Include="problem59.cpp">
      <Filter>Source Files\solutions51-100</Filter>
    </ClCompile>
    <ClCompile Include="problem56.cpp">
      <Filter>Source Files\solutions51-100</Filter>
    </ClCompile>
    <ClCompile Include="problem57.cpp">
      <Filter>Source Files\solutions51-100</Filter>
    </ClCompile>
    <ClCompile Include="problem58.cpp">
      <Filter>Source Files\solutions51-100</Filter>
    </ClCompile>
  </ItemGroup>
  <ItemGroup>
    <ClInclude Include="utils.h">
      <Filter>Resource Files</Filter>
    </ClInclude>
  </ItemGroup>
</Project>